<?xml version="1.0" encoding="utf-8"?>
<Project ToolsVersion="4.0" xmlns="http://schemas.microsoft.com/developer/msbuild/2003">
  <ItemGroup>
    <Filter Include="Source Files">
      <UniqueIdentifier>{4FC737F1-C7A5-4376-A066-2A32D752A2FF}</UniqueIdentifier>
      <Extensions>cpp;c;cc;cxx;def;odl;idl;hpj;bat;asm;asmx</Extensions>
    </Filter>
    <Filter Include="Header Files">
      <UniqueIdentifier>{93995380-89BD-4b04-88EB-625FBE52EBFB}</UniqueIdentifier>
      <Extensions>h;hh;hpp;hxx;hm;inl;inc;xsd</Extensions>
    </Filter>
    <Filter Include="Resource Files">
      <UniqueIdentifier>{67DA6AB6-F800-4c08-8B7A-83BB121AAD01}</UniqueIdentifier>
      <Extensions>rc;ico;cur;bmp;dlg;rc2;rct;bin;rgs;gif;jpg;jpeg;jpe;resx;tiff;tif;png;wav;mfcribbon-ms</Extensions>
    </Filter>
    <Filter Include="common">
      <UniqueIdentifier>{d89312a1-9449-4019-a846-ae15810e0f42}</UniqueIdentifier>
    </Filter>
  </ItemGroup>
  <ItemGroup>
    <ClCompile Include="main.cpp">
      <Filter>Source Files</Filter>
    </ClCompile>
    <ClCompile Include="..\common\EulerCamera.cpp">
      <Filter>common</Filter>
    </ClCompile>
    <ClCompile Include="..\common\Forces.cpp">
      <Filter>common</Filter>
    </ClCompile>
    <ClCompile Include="..\common\Particle.cpp">
      <Filter>common</Filter>
    </ClCompile>
    <ClCompile Include="..\common\ParticleSystem.cpp">
      <Filter>common</Filter>
    </ClCompile>
    <ClCompile Include="..\common\RigidBody.cpp">
      <Filter>common</Filter>
    </ClCompile>
    <ClCompile Include="..\common\RigidBodySystem.cpp">
      <Filter>common</Filter>
    </ClCompile>
    <ClCompile Include="..\common\Shader.cpp">
      <Filter>common</Filter>
    </ClCompile>
    <ClCompile Include="..\common\SingleMeshLoader.cpp">
      <Filter>common</Filter>
    </ClCompile>
    <ClCompile Include="..\common\text.cpp">
      <Filter>common</Filter>
    </ClCompile>
    <ClCompile Include="Sprite.cpp">
      <Filter>common</Filter>
    </ClCompile>
    <ClCompile Include="Renderer.cpp">
      <Filter>common</Filter>
    </ClCompile>
  </ItemGroup>
  <ItemGroup>
    <ClInclude Include="..\common\Collision.h">
      <Filter>common</Filter>
    </ClInclude>
    <ClInclude Include="..\common\Defines.h">
      <Filter>common</Filter>
    </ClInclude>
    <ClInclude Include="..\common\EulerCamera.h">
      <Filter>common</Filter>
    </ClInclude>
    <ClInclude Include="..\common\Forces.h">
      <Filter>common</Filter>
    </ClInclude>
    <ClInclude Include="..\common\Framebuffer.h">
      <Filter>common</Filter>
    </ClInclude>
    <ClInclude Include="..\common\Particle.h">
      <Filter>common</Filter>
    </ClInclude>
    <ClInclude Include="..\common\ParticleSystem.h">
      <Filter>common</Filter>
    </ClInclude>
    <ClInclude Include="..\common\RigidBody.h">
      <Filter>common</Filter>
    </ClInclude>
    <ClInclude Include="..\common\RigidBodySystem.h">
      <Filter>common</Filter>
    </ClInclude>
    <ClInclude Include="..\common\Shader.h">
      <Filter>common</Filter>
    </ClInclude>
    <ClInclude Include="..\common\SingleMeshLoader.h">
      <Filter>common</Filter>
    </ClInclude>
    <ClInclude Include="..\common\stb_image.h">
      <Filter>common</Filter>
    </ClInclude>
    <ClInclude Include="..\common\teapot.h">
      <Filter>common</Filter>
    </ClInclude>
    <ClInclude Include="..\common\text.h">
      <Filter>common</Filter>
    </ClInclude>
    <ClInclude Include="..\common\Texture.h">
      <Filter>common</Filter>
    </ClInclude>
    <ClInclude Include="..\common\Utilities.h">
      <Filter>common</Filter>
    </ClInclude>
    <ClInclude Include="Sprite.h">
      <Filter>common</Filter>
    </ClInclude>
    <ClInclude Include="Renderer.h">
      <Filter>common</Filter>
    </ClInclude>
  </ItemGroup>
</Project>